
Microsoft Visual Studio Solution File, Format Version 12.00
# Visual Studio Version 17
VisualStudioVersion = 17.1.32228.430
MinimumVisualStudioVersion = 10.0.40219.1
Project("{9A19103F-16F7-4668-BE54-9A1E7A4F7556}") = "Gifter", "Gifter\Gifter.csproj", "{A6927962-90BE-4E34-B0D8-6D7EE6CC16F3}"
EndProject
Project("{FAE04EC0-301F-11D3-BF4B-00C04F79EFBC}") = "Gifter.Tests", "Gifter.Tests\Gifter.Tests.csproj", "{501D750E-BAF1-4229-AF72-32064F06C5D3}"
EndProject
Global
	GlobalSection(SolutionConfigurationPlatforms) = preSolution
		Debug|Any CPU = Debug|Any CPU
		Release|Any CPU = Release|Any CPU
	EndGlobalSection
	GlobalSection(ProjectConfigurationPlatforms) = postSolution
		{A6927962-90BE-4E34-B0D8-6D7EE6CC16F3}.Debug|Any CPU.ActiveCfg = Debug|Any CPU
		{A6927962-90BE-4E34-B0D8-6D7EE6CC16F3}.Debug|Any CPU.Build.0 = Debug|Any CPU
		{A6927962-90BE-4E34-B0D8-6D7EE6CC16F3}.Release|Any CPU.ActiveCfg = Release|Any CPU
		{A6927962-90BE-4E34-B0D8-6D7EE6CC16F3}.Release|Any CPU.Build.0 = Release|Any CPU
		{501D750E-BAF1-4229-AF72-32064F06C5D3}.Debug|Any CPU.ActiveCfg = Debug|Any CPU
		{501D750E-BAF1-4229-AF72-32064F06C5D3}.Debug|Any CPU.Build.0 = Debug|Any CPU
		{501D750E-BAF1-4229-AF72-32064F06C5D3}.Release|Any CPU.ActiveCfg = Release|Any CPU
		{501D750E-BAF1-4229-AF72-32064F06C5D3}.Release|Any CPU.Build.0 = Release|Any CPU
	EndGlobalSection
	GlobalSection(SolutionProperties) = preSolution
		HideSolutionNode = FALSE
	EndGlobalSection
	GlobalSection(ExtensibilityGlobals) = postSolution
		SolutionGuid = {EDD0288F-2D4C-4BEF-8E1F-7BF61AA0942B}
	EndGlobalSection
EndGlobal
